
Microsoft Visual Studio Solution File, Format Version 12.00
# Visual Studio Version 17
VisualStudioVersion = 17.10.35027.167
MinimumVisualStudioVersion = 10.0.40219.1
Project("{FAE04EC0-301F-11D3-BF4B-00C04F79EFBC}") = "Class_and_Object", "Class_and_Object\Class_and_Object.csproj", "{5EB7CC84-A06C-4555-878B-565F48F881DD}"
EndProject
Global
	GlobalSection(SolutionConfigurationPlatforms) = preSolution
		Debug|Any CPU = Debug|Any CPU
		Release|Any CPU = Release|Any CPU
	EndGlobalSection
	GlobalSection(ProjectConfigurationPlatforms) = postSolution
		{5EB7CC84-A06C-4555-878B-565F48F881DD}.Debug|Any CPU.ActiveCfg = Debug|Any CPU
		{5EB7CC84-A06C-4555-878B-565F48F881DD}.Debug|Any CPU.Build.0 = Debug|Any CPU
		{5EB7CC84-A06C-4555-878B-565F48F881DD}.Release|Any CPU.ActiveCfg = Release|Any CPU
		{5EB7CC84-A06C-4555-878B-565F48F881DD}.Release|Any CPU.Build.0 = Release|Any CPU
	EndGlobalSection
	GlobalSection(SolutionProperties) = preSolution
		HideSolutionNode = FALSE
	EndGlobalSection
	GlobalSection(ExtensibilityGlobals) = postSolution
		SolutionGuid = {97EA3403-CABF-476C-A813-C423ACCBB285}
	EndGlobalSection
EndGlobal
